
Microsoft Visual Studio Solution File, Format Version 12.00
# Visual Studio Version 16
VisualStudioVersion = 16.0.31112.23
MinimumVisualStudioVersion = 10.0.40219.1
Project("{FAE04EC0-301F-11D3-BF4B-00C04F79EFBC}") = "GameTicTacToe", "GameTicTacToe\GameTicTacToe.csproj", "{2FC12E8F-EB3A-4B74-9B46-6832E155E3AD}"
EndProject
Global
	GlobalSection(SolutionConfigurationPlatforms) = preSolution
		Debug|Any CPU = Debug|Any CPU
		Release|Any CPU = Release|Any CPU
	EndGlobalSection
	GlobalSection(ProjectConfigurationPlatforms) = postSolution
		{2FC12E8F-EB3A-4B74-9B46-6832E155E3AD}.Debug|Any CPU.ActiveCfg = Debug|Any CPU
		{2FC12E8F-EB3A-4B74-9B46-6832E155E3AD}.Debug|Any CPU.Build.0 = Debug|Any CPU
		{2FC12E8F-EB3A-4B74-9B46-6832E155E3AD}.Release|Any CPU.ActiveCfg = Release|Any CPU
		{2FC12E8F-EB3A-4B74-9B46-6832E155E3AD}.Release|Any CPU.Build.0 = Release|Any CPU
	EndGlobalSection
	GlobalSection(SolutionProperties) = preSolution
		HideSolutionNode = FALSE
	EndGlobalSection
	GlobalSection(ExtensibilityGlobals) = postSolution
		SolutionGuid = {FFD22C1E-D2D8-4811-B8FB-6A21D3FD1D72}
	EndGlobalSection
EndGlobal
